// !$*UTF8*$!
{
	archiveVersion = 1;
	classes = {
	};
	objectVersion = 46;
	objects = {

/* Begin PBXBuildFile section */
		15071051172033FD008A64F3 /* PC_active-field.png in Resources */ = {isa = PBXBuildFile; fileRef = 1507104F172033FD008A64F3 /* PC_active-field.png */; };
		15071052172033FD008A64F3 /* PC_active-field@2x.png in Resources */ = {isa = PBXBuildFile; fileRef = 15071050172033FD008A64F3 /* PC_active-field@2x.png */; };
		15B49C23170C71AE00E97D38 /* FTCalculatorKeyboardView.m in Sources */ = {isa = PBXBuildFile; fileRef = 15B49C22170C71AE00E97D38 /* FTCalculatorKeyboardView.m */; };
		15B49CD9170F21AC00E97D38 /* PC_btn_calc_dark.png in Resources */ = {isa = PBXBuildFile; fileRef = 15B49CD1170F21AC00E97D38 /* PC_btn_calc_dark.png */; };
		15B49CDA170F21AC00E97D38 /* PC_btn_calc_dark@2x.png in Resources */ = {isa = PBXBuildFile; fileRef = 15B49CD2170F21AC00E97D38 /* PC_btn_calc_dark@2x.png */; };
		15B49CDB170F21AC00E97D38 /* PC_btn_calc_light.png in Resources */ = {isa = PBXBuildFile; fileRef = 15B49CD3170F21AC00E97D38 /* PC_btn_calc_light.png */; };
		15B49CDC170F21AC00E97D38 /* PC_btn_calc_light@2x.png in Resources */ = {isa = PBXBuildFile; fileRef = 15B49CD4170F21AC00E97D38 /* PC_btn_calc_light@2x.png */; };
		15B49CDD170F21AC00E97D38 /* PC_ico_delete.png in Resources */ = {isa = PBXBuildFile; fileRef = 15B49CD5170F21AC00E97D38 /* PC_ico_delete.png */; };
		15B49CDE170F21AC00E97D38 /* PC_ico_delete@2x.png in Resources */ = {isa = PBXBuildFile; fileRef = 15B49CD6170F21AC00E97D38 /* PC_ico_delete@2x.png */; };
		15B49CDF170F21AC00E97D38 /* PC_ico_minus.png in Resources */ = {isa = PBXBuildFile; fileRef = 15B49CD7170F21AC00E97D38 /* PC_ico_minus.png */; };
		15B49CE0170F21AC00E97D38 /* PC_ico_minus@2x.png in Resources */ = {isa = PBXBuildFile; fileRef = 15B49CD8170F21AC00E97D38 /* PC_ico_minus@2x.png */; };
		4BD8CD9D1726E2F200B30F94 /* UIView+AttributeByObject.m in Sources */ = {isa = PBXBuildFile; fileRef = 4BD8CD9C1726E2F200B30F94 /* UIView+AttributeByObject.m */; };
		549D18FE16FF985200EE05BF /* UIKit.framework in Frameworks */ = {isa = PBXBuildFile; fileRef = 549D18FD16FF985200EE05BF /* UIKit.framework */; };
		549D190016FF985200EE05BF /* Foundation.framework in Frameworks */ = {isa = PBXBuildFile; fileRef = 549D18FF16FF985200EE05BF /* Foundation.framework */; };
		549D190216FF985200EE05BF /* CoreGraphics.framework in Frameworks */ = {isa = PBXBuildFile; fileRef = 549D190116FF985200EE05BF /* CoreGraphics.framework */; };
		549D190816FF985200EE05BF /* InfoPlist.strings in Resources */ = {isa = PBXBuildFile; fileRef = 549D190616FF985200EE05BF /* InfoPlist.strings */; };
		549D190A16FF985200EE05BF /* main.m in Sources */ = {isa = PBXBuildFile; fileRef = 549D190916FF985200EE05BF /* main.m */; };
		549D190E16FF985200EE05BF /* PCAppDelegate.m in Sources */ = {isa = PBXBuildFile; fileRef = 549D190D16FF985200EE05BF /* PCAppDelegate.m */; };
		549D191716FF985200EE05BF /* PCViewController.m in Sources */ = {isa = PBXBuildFile; fileRef = 549D191616FF985200EE05BF /* PCViewController.m */; };
		549D192216FF985300EE05BF /* SenTestingKit.framework in Frameworks */ = {isa = PBXBuildFile; fileRef = 549D192116FF985300EE05BF /* SenTestingKit.framework */; };
		549D192316FF985300EE05BF /* UIKit.framework in Frameworks */ = {isa = PBXBuildFile; fileRef = 549D18FD16FF985200EE05BF /* UIKit.framework */; };
		549D192416FF985300EE05BF /* Foundation.framework in Frameworks */ = {isa = PBXBuildFile; fileRef = 549D18FF16FF985200EE05BF /* Foundation.framework */; };
		549D192C16FF985300EE05BF /* InfoPlist.strings in Resources */ = {isa = PBXBuildFile; fileRef = 549D192A16FF985300EE05BF /* InfoPlist.strings */; };
		549D192F16FF985300EE05BF /* ProportionCalculatorTests.m in Sources */ = {isa = PBXBuildFile; fileRef = 549D192E16FF985300EE05BF /* ProportionCalculatorTests.m */; };
		549D193D16FF98A300EE05BF /* PCHomeViewController.m in Sources */ = {isa = PBXBuildFile; fileRef = 549D193C16FF98A300EE05BF /* PCHomeViewController.m */; };
		549D194816FF992500EE05BF /* UIColor+Tools.m in Sources */ = {isa = PBXBuildFile; fileRef = 549D194116FF992500EE05BF /* UIColor+Tools.m */; };
		549D194916FF992500EE05BF /* UILabel+DynamicHeight.m in Sources */ = {isa = PBXBuildFile; fileRef = 549D194316FF992500EE05BF /* UILabel+DynamicHeight.m */; };
		549D194A16FF992500EE05BF /* UIView+Effects.m in Sources */ = {isa = PBXBuildFile; fileRef = 549D194516FF992500EE05BF /* UIView+Effects.m */; };
		549D194B16FF992500EE05BF /* UIView+Layout.m in Sources */ = {isa = PBXBuildFile; fileRef = 549D194716FF992500EE05BF /* UIView+Layout.m */; };
		549D194F16FF9B7800EE05BF /* PCView.m in Sources */ = {isa = PBXBuildFile; fileRef = 549D194E16FF9B7800EE05BF /* PCView.m */; };
		549D195316FF9C4300EE05BF /* PCProportionCalculatorView.m in Sources */ = {isa = PBXBuildFile; fileRef = 549D195216FF9C4300EE05BF /* PCProportionCalculatorView.m */; };
		549D195616FF9C8F00EE05BF /* UIImage+Tools.m in Sources */ = {isa = PBXBuildFile; fileRef = 549D195516FF9C8E00EE05BF /* UIImage+Tools.m */; };
		549D195716FF9C8F00EE05BF /* UIImage+Tools.m in Sources */ = {isa = PBXBuildFile; fileRef = 549D195516FF9C8E00EE05BF /* UIImage+Tools.m */; };
		549D195916FF9CB000EE05BF /* QuartzCore.framework in Frameworks */ = {isa = PBXBuildFile; fileRef = 549D195816FF9CB000EE05BF /* QuartzCore.framework */; };
		549D196016FF9CC900EE05BF /* Default-568h@2x.png in Resources */ = {isa = PBXBuildFile; fileRef = 549D195D16FF9CC900EE05BF /* Default-568h@2x.png */; };
		549D196116FF9CC900EE05BF /* Default.png in Resources */ = {isa = PBXBuildFile; fileRef = 549D195E16FF9CC900EE05BF /* Default.png */; };
		549D196216FF9CC900EE05BF /* Default@2x.png in Resources */ = {isa = PBXBuildFile; fileRef = 549D195F16FF9CC900EE05BF /* Default@2x.png */; };
		549D196616FF9D9600EE05BF /* PCLang.m in Sources */ = {isa = PBXBuildFile; fileRef = 549D196516FF9D9600EE05BF /* PCLang.m */; };
		549D196D16FFA1D900EE05BF /* Localizable.strings in Resources */ = {isa = PBXBuildFile; fileRef = 549D197016FFA1D900EE05BF /* Localizable.strings */; };
		549D196E16FFA1D900EE05BF /* Localizable.strings in Resources */ = {isa = PBXBuildFile; fileRef = 549D197016FFA1D900EE05BF /* Localizable.strings */; };
		549D197616FFA5DD00EE05BF /* libFlurry.a in Frameworks */ = {isa = PBXBuildFile; fileRef = 549D197516FFA5DD00EE05BF /* libFlurry.a */; };
		549D197716FFA5DD00EE05BF /* libFlurry.a in Frameworks */ = {isa = PBXBuildFile; fileRef = 549D197516FFA5DD00EE05BF /* libFlurry.a */; };
		549D197916FFA70400EE05BF /* SystemConfiguration.framework in Frameworks */ = {isa = PBXBuildFile; fileRef = 549D197816FFA70400EE05BF /* SystemConfiguration.framework */; };
		549D198116FFAF1300EE05BF /* PC_arrow_down.png in Resources */ = {isa = PBXBuildFile; fileRef = 549D197B16FFAF1300EE05BF /* PC_arrow_down.png */; };
		549D198316FFAF1300EE05BF /* PC_arrow_down@2x.png in Resources */ = {isa = PBXBuildFile; fileRef = 549D197C16FFAF1300EE05BF /* PC_arrow_down@2x.png */; };
		549D198516FFAF1300EE05BF /* PC_arrow_up.png in Resources */ = {isa = PBXBuildFile; fileRef = 549D197D16FFAF1300EE05BF /* PC_arrow_up.png */; };
		549D198716FFAF1300EE05BF /* PC_arrow_up@2x.png in Resources */ = {isa = PBXBuildFile; fileRef = 549D197E16FFAF1300EE05BF /* PC_arrow_up@2x.png */; };
		549D198916FFAF1300EE05BF /* PC_result_field.png in Resources */ = {isa = PBXBuildFile; fileRef = 549D197F16FFAF1300EE05BF /* PC_result_field.png */; };
		549D198B16FFAF1300EE05BF /* PC_result_field@2x.png in Resources */ = {isa = PBXBuildFile; fileRef = 549D198016FFAF1300EE05BF /* PC_result_field@2x.png */; };
		549D199016FFB92200EE05BF /* PCValueTextField.m in Sources */ = {isa = PBXBuildFile; fileRef = 549D198F16FFB92200EE05BF /* PCValueTextField.m */; };
		549D199416FFB9DE00EE05BF /* PCResultTextField.m in Sources */ = {isa = PBXBuildFile; fileRef = 549D199316FFB9DE00EE05BF /* PCResultTextField.m */; };
		549D199B16FFD12D00EE05BF /* PC_bcg_segment_gray.png in Resources */ = {isa = PBXBuildFile; fileRef = 549D199716FFD12D00EE05BF /* PC_bcg_segment_gray.png */; };
		549D199C16FFD12D00EE05BF /* PC_bcg_segment_gray@2x.png in Resources */ = {isa = PBXBuildFile; fileRef = 549D199816FFD12D00EE05BF /* PC_bcg_segment_gray@2x.png */; };
		549D199D16FFD12D00EE05BF /* PC_bcg_segment_green.png in Resources */ = {isa = PBXBuildFile; fileRef = 549D199916FFD12D00EE05BF /* PC_bcg_segment_green.png */; };
		549D199E16FFD12D00EE05BF /* PC_bcg_segment_green@2x.png in Resources */ = {isa = PBXBuildFile; fileRef = 549D199A16FFD12D00EE05BF /* PC_bcg_segment_green@2x.png */; };
		549D19A216FFD78D00EE05BF /* PC_transparent_1x48.png in Resources */ = {isa = PBXBuildFile; fileRef = 549D19A116FFD78D00EE05BF /* PC_transparent_1x48.png */; };
		549D19A516FFE43100EE05BF /* Icon.png in Resources */ = {isa = PBXBuildFile; fileRef = 549D19A316FFE43100EE05BF /* Icon.png */; };
		549D19A616FFE43100EE05BF /* Icon@2x.png in Resources */ = {isa = PBXBuildFile; fileRef = 549D19A416FFE43100EE05BF /* Icon@2x.png */; };
/* End PBXBuildFile section */

/* Begin PBXContainerItemProxy section */
		549D192516FF985300EE05BF /* PBXContainerItemProxy */ = {
			isa = PBXContainerItemProxy;
			containerPortal = 549D18F216FF985200EE05BF /* Project object */;
			proxyType = 1;
			remoteGlobalIDString = 549D18F916FF985200EE05BF;
			remoteInfo = ProportionCalculator;
		};
/* End PBXContainerItemProxy section */

/* Begin PBXFileReference section */
		1507104F172033FD008A64F3 /* PC_active-field.png */ = {isa = PBXFileReference; lastKnownFileType = image.png; path = "PC_active-field.png"; sourceTree = "<group>"; };
		15071050172033FD008A64F3 /* PC_active-field@2x.png */ = {isa = PBXFileReference; lastKnownFileType = image.png; path = "PC_active-field@2x.png"; sourceTree = "<group>"; };
		15B49C05170B9E9600E97D38 /* cs */ = {isa = PBXFileReference; lastKnownFileType = text.plist.strings; name = cs; path = cs.lproj/Localizable.strings; sourceTree = "<group>"; };
		15B49C06170B9E9600E97D38 /* cs */ = {isa = PBXFileReference; lastKnownFileType = text.plist.strings; name = cs; path = cs.lproj/InfoPlist.strings; sourceTree = "<group>"; };
		15B49C07170B9E9600E97D38 /* cs */ = {isa = PBXFileReference; lastKnownFileType = text.plist.strings; name = cs; path = cs.lproj/InfoPlist.strings; sourceTree = "<group>"; };
		15B49C08170BA04500E97D38 /* pt */ = {isa = PBXFileReference; lastKnownFileType = text.plist.strings; name = pt; path = pt.lproj/Localizable.strings; sourceTree = "<group>"; };
		15B49C09170BA04500E97D38 /* pt */ = {isa = PBXFileReference; lastKnownFileType = text.plist.strings; name = pt; path = pt.lproj/InfoPlist.strings; sourceTree = "<group>"; };
		15B49C0A170BA04500E97D38 /* pt */ = {isa = PBXFileReference; lastKnownFileType = text.plist.strings; name = pt; path = pt.lproj/InfoPlist.strings; sourceTree = "<group>"; };
		15B49C0B170BA05200E97D38 /* it */ = {isa = PBXFileReference; lastKnownFileType = text.plist.strings; name = it; path = it.lproj/Localizable.strings; sourceTree = "<group>"; };
		15B49C0C170BA05200E97D38 /* it */ = {isa = PBXFileReference; lastKnownFileType = text.plist.strings; name = it; path = it.lproj/InfoPlist.strings; sourceTree = "<group>"; };
		15B49C0D170BA05200E97D38 /* it */ = {isa = PBXFileReference; lastKnownFileType = text.plist.strings; name = it; path = it.lproj/InfoPlist.strings; sourceTree = "<group>"; };
		15B49C0E170BA06400E97D38 /* fr */ = {isa = PBXFileReference; lastKnownFileType = text.plist.strings; name = fr; path = fr.lproj/Localizable.strings; sourceTree = "<group>"; };
		15B49C0F170BA06400E97D38 /* fr */ = {isa = PBXFileReference; lastKnownFileType = text.plist.strings; name = fr; path = fr.lproj/InfoPlist.strings; sourceTree = "<group>"; };
		15B49C10170BA06400E97D38 /* fr */ = {isa = PBXFileReference; lastKnownFileType = text.plist.strings; name = fr; path = fr.lproj/InfoPlist.strings; sourceTree = "<group>"; };
		15B49C11170BA06A00E97D38 /* de */ = {isa = PBXFileReference; lastKnownFileType = text.plist.strings; name = de; path = de.lproj/Localizable.strings; sourceTree = "<group>"; };
		15B49C12170BA06A00E97D38 /* de */ = {isa = PBXFileReference; lastKnownFileType = text.plist.strings; name = de; path = de.lproj/InfoPlist.strings; sourceTree = "<group>"; };
		15B49C13170BA06A00E97D38 /* de */ = {isa = PBXFileReference; lastKnownFileType = text.plist.strings; name = de; path = de.lproj/InfoPlist.strings; sourceTree = "<group>"; };
		15B49C14170BA07E00E97D38 /* sk */ = {isa = PBXFileReference; lastKnownFileType = text.plist.strings; name = sk; path = sk.lproj/Localizable.strings; sourceTree = "<group>"; };
		15B49C15170BA07E00E97D38 /* sk */ = {isa = PBXFileReference; lastKnownFileType = text.plist.strings; name = sk; path = sk.lproj/InfoPlist.strings; sourceTree = "<group>"; };
		15B49C16170BA07E00E97D38 /* sk */ = {isa = PBXFileReference; lastKnownFileType = text.plist.strings; name = sk; path = sk.lproj/InfoPlist.strings; sourceTree = "<group>"; };
		15B49C17170C606100E97D38 /* es */ = {isa = PBXFileReference; lastKnownFileType = text.plist.strings; name = es; path = es.lproj/InfoPlist.strings; sourceTree = "<group>"; };
		15B49C18170C606100E97D38 /* es */ = {isa = PBXFileReference; lastKnownFileType = text.plist.strings; name = es; path = es.lproj/Localizable.strings; sourceTree = "<group>"; };
		15B49C19170C606200E97D38 /* es */ = {isa = PBXFileReference; lastKnownFileType = text.plist.strings; name = es; path = es.lproj/InfoPlist.strings; sourceTree = "<group>"; };
		15B49C1A170C668200E97D38 /* pl */ = {isa = PBXFileReference; lastKnownFileType = text.plist.strings; name = pl; path = pl.lproj/InfoPlist.strings; sourceTree = "<group>"; };
		15B49C1B170C668300E97D38 /* pl */ = {isa = PBXFileReference; lastKnownFileType = text.plist.strings; name = pl; path = pl.lproj/Localizable.strings; sourceTree = "<group>"; };
		15B49C1C170C668300E97D38 /* pl */ = {isa = PBXFileReference; lastKnownFileType = text.plist.strings; name = pl; path = pl.lproj/InfoPlist.strings; sourceTree = "<group>"; };
		15B49C1D170C6B2800E97D38 /* lt */ = {isa = PBXFileReference; lastKnownFileType = text.plist.strings; name = lt; path = lt.lproj/InfoPlist.strings; sourceTree = "<group>"; };
		15B49C1E170C6B2800E97D38 /* lt */ = {isa = PBXFileReference; lastKnownFileType = text.plist.strings; name = lt; path = lt.lproj/Localizable.strings; sourceTree = "<group>"; };
		15B49C1F170C6B2900E97D38 /* lt */ = {isa = PBXFileReference; lastKnownFileType = text.plist.strings; name = lt; path = lt.lproj/InfoPlist.strings; sourceTree = "<group>"; };
		15B49C21170C71AE00E97D38 /* FTCalculatorKeyboardView.h */ = {isa = PBXFileReference; fileEncoding = 4; lastKnownFileType = sourcecode.c.h; path = FTCalculatorKeyboardView.h; sourceTree = "<group>"; };
		15B49C22170C71AE00E97D38 /* FTCalculatorKeyboardView.m */ = {isa = PBXFileReference; fileEncoding = 4; lastKnownFileType = sourcecode.c.objc; path = FTCalculatorKeyboardView.m; sourceTree = "<group>"; };
		15B49CD1170F21AC00E97D38 /* PC_btn_calc_dark.png */ = {isa = PBXFileReference; lastKnownFileType = image.png; path = PC_btn_calc_dark.png; sourceTree = "<group>"; };
		15B49CD2170F21AC00E97D38 /* PC_btn_calc_dark@2x.png */ = {isa = PBXFileReference; lastKnownFileType = image.png; path = "PC_btn_calc_dark@2x.png"; sourceTree = "<group>"; };
		15B49CD3170F21AC00E97D38 /* PC_btn_calc_light.png */ = {isa = PBXFileReference; lastKnownFileType = image.png; path = PC_btn_calc_light.png; sourceTree = "<group>"; };
		15B49CD4170F21AC00E97D38 /* PC_btn_calc_light@2x.png */ = {isa = PBXFileReference; lastKnownFileType = image.png; path = "PC_btn_calc_light@2x.png"; sourceTree = "<group>"; };
		15B49CD5170F21AC00E97D38 /* PC_ico_delete.png */ = {isa = PBXFileReference; lastKnownFileType = image.png; path = PC_ico_delete.png; sourceTree = "<group>"; };
		15B49CD6170F21AC00E97D38 /* PC_ico_delete@2x.png */ = {isa = PBXFileReference; lastKnownFileType = image.png; path = "PC_ico_delete@2x.png"; sourceTree = "<group>"; };
		15B49CD7170F21AC00E97D38 /* PC_ico_minus.png */ = {isa = PBXFileReference; lastKnownFileType = image.png; path = PC_ico_minus.png; sourceTree = "<group>"; };
		15B49CD8170F21AC00E97D38 /* PC_ico_minus@2x.png */ = {isa = PBXFileReference; lastKnownFileType = image.png; path = "PC_ico_minus@2x.png"; sourceTree = "<group>"; };
		4BD8CD9B1726E2F200B30F94 /* UIView+AttributeByObject.h */ = {isa = PBXFileReference; fileEncoding = 4; lastKnownFileType = sourcecode.c.h; path = "UIView+AttributeByObject.h"; sourceTree = "<group>"; };
		4BD8CD9C1726E2F200B30F94 /* UIView+AttributeByObject.m */ = {isa = PBXFileReference; fileEncoding = 4; lastKnownFileType = sourcecode.c.objc; path = "UIView+AttributeByObject.m"; sourceTree = "<group>"; };
		549D18FA16FF985200EE05BF /* iProportions.app */ = {isa = PBXFileReference; explicitFileType = wrapper.application; includeInIndex = 0; path = iProportions.app; sourceTree = BUILT_PRODUCTS_DIR; };
		549D18FD16FF985200EE05BF /* UIKit.framework */ = {isa = PBXFileReference; lastKnownFileType = wrapper.framework; name = UIKit.framework; path = System/Library/Frameworks/UIKit.framework; sourceTree = SDKROOT; };
		549D18FF16FF985200EE05BF /* Foundation.framework */ = {isa = PBXFileReference; lastKnownFileType = wrapper.framework; name = Foundation.framework; path = System/Library/Frameworks/Foundation.framework; sourceTree = SDKROOT; };
		549D190116FF985200EE05BF /* CoreGraphics.framework */ = {isa = PBXFileReference; lastKnownFileType = wrapper.framework; name = CoreGraphics.framework; path = System/Library/Frameworks/CoreGraphics.framework; sourceTree = SDKROOT; };
		549D190516FF985200EE05BF /* ProportionCalculator-Info.plist */ = {isa = PBXFileReference; lastKnownFileType = text.plist.xml; path = "ProportionCalculator-Info.plist"; sourceTree = "<group>"; };
		549D190716FF985200EE05BF /* en */ = {isa = PBXFileReference; lastKnownFileType = text.plist.strings; name = en; path = en.lproj/InfoPlist.strings; sourceTree = "<group>"; };
		549D190916FF985200EE05BF /* main.m */ = {isa = PBXFileReference; lastKnownFileType = sourcecode.c.objc; path = main.m; sourceTree = "<group>"; };
		549D190B16FF985200EE05BF /* ProportionCalculator-Prefix.pch */ = {isa = PBXFileReference; lastKnownFileType = sourcecode.c.h; path = "ProportionCalculator-Prefix.pch"; sourceTree = "<group>"; };
		549D190C16FF985200EE05BF /* PCAppDelegate.h */ = {isa = PBXFileReference; lastKnownFileType = sourcecode.c.h; path = PCAppDelegate.h; sourceTree = "<group>"; };
		549D190D16FF985200EE05BF /* PCAppDelegate.m */ = {isa = PBXFileReference; lastKnownFileType = sourcecode.c.objc; path = PCAppDelegate.m; sourceTree = "<group>"; };
		549D191516FF985200EE05BF /* PCViewController.h */ = {isa = PBXFileReference; lastKnownFileType = sourcecode.c.h; path = PCViewController.h; sourceTree = "<group>"; };
		549D191616FF985200EE05BF /* PCViewController.m */ = {isa = PBXFileReference; lastKnownFileType = sourcecode.c.objc; path = PCViewController.m; sourceTree = "<group>"; };
		549D192016FF985300EE05BF /* ProportionCalculatorTests.octest */ = {isa = PBXFileReference; explicitFileType = wrapper.cfbundle; includeInIndex = 0; path = ProportionCalculatorTests.octest; sourceTree = BUILT_PRODUCTS_DIR; };
		549D192116FF985300EE05BF /* SenTestingKit.framework */ = {isa = PBXFileReference; lastKnownFileType = wrapper.framework; name = SenTestingKit.framework; path = Library/Frameworks/SenTestingKit.framework; sourceTree = DEVELOPER_DIR; };
		549D192916FF985300EE05BF /* ProportionCalculatorTests-Info.plist */ = {isa = PBXFileReference; lastKnownFileType = text.plist.xml; path = "ProportionCalculatorTests-Info.plist"; sourceTree = "<group>"; };
		549D192B16FF985300EE05BF /* en */ = {isa = PBXFileReference; lastKnownFileType = text.plist.strings; name = en; path = en.lproj/InfoPlist.strings; sourceTree = "<group>"; };
		549D192D16FF985300EE05BF /* ProportionCalculatorTests.h */ = {isa = PBXFileReference; lastKnownFileType = sourcecode.c.h; path = ProportionCalculatorTests.h; sourceTree = "<group>"; };
		549D192E16FF985300EE05BF /* ProportionCalculatorTests.m */ = {isa = PBXFileReference; lastKnownFileType = sourcecode.c.objc; path = ProportionCalculatorTests.m; sourceTree = "<group>"; };
		549D193B16FF98A300EE05BF /* PCHomeViewController.h */ = {isa = PBXFileReference; fileEncoding = 4; lastKnownFileType = sourcecode.c.h; path = PCHomeViewController.h; sourceTree = "<group>"; };
		549D193C16FF98A300EE05BF /* PCHomeViewController.m */ = {isa = PBXFileReference; fileEncoding = 4; lastKnownFileType = sourcecode.c.objc; path = PCHomeViewController.m; sourceTree = "<group>"; };
		549D194016FF992500EE05BF /* UIColor+Tools.h */ = {isa = PBXFileReference; fileEncoding = 4; lastKnownFileType = sourcecode.c.h; path = "UIColor+Tools.h"; sourceTree = "<group>"; };
		549D194116FF992500EE05BF /* UIColor+Tools.m */ = {isa = PBXFileReference; fileEncoding = 4; lastKnownFileType = sourcecode.c.objc; path = "UIColor+Tools.m"; sourceTree = "<group>"; };
		549D194216FF992500EE05BF /* UILabel+DynamicHeight.h */ = {isa = PBXFileReference; fileEncoding = 4; lastKnownFileType = sourcecode.c.h; path = "UILabel+DynamicHeight.h"; sourceTree = "<group>"; };
		549D194316FF992500EE05BF /* UILabel+DynamicHeight.m */ = {isa = PBXFileReference; fileEncoding = 4; lastKnownFileType = sourcecode.c.objc; path = "UILabel+DynamicHeight.m"; sourceTree = "<group>"; };
		549D194416FF992500EE05BF /* UIView+Effects.h */ = {isa = PBXFileReference; fileEncoding = 4; lastKnownFileType = sourcecode.c.h; path = "UIView+Effects.h"; sourceTree = "<group>"; };
		549D194516FF992500EE05BF /* UIView+Effects.m */ = {isa = PBXFileReference; fileEncoding = 4; lastKnownFileType = sourcecode.c.objc; path = "UIView+Effects.m"; sourceTree = "<group>"; };
		549D194616FF992500EE05BF /* UIView+Layout.h */ = {isa = PBXFileReference; fileEncoding = 4; lastKnownFileType = sourcecode.c.h; path = "UIView+Layout.h"; sourceTree = "<group>"; };
		549D194716FF992500EE05BF /* UIView+Layout.m */ = {isa = PBXFileReference; fileEncoding = 4; lastKnownFileType = sourcecode.c.objc; path = "UIView+Layout.m"; sourceTree = "<group>"; };
		549D194D16FF9B7800EE05BF /* PCView.h */ = {isa = PBXFileReference; fileEncoding = 4; lastKnownFileType = sourcecode.c.h; path = PCView.h; sourceTree = "<group>"; };
		549D194E16FF9B7800EE05BF /* PCView.m */ = {isa = PBXFileReference; fileEncoding = 4; lastKnownFileType = sourcecode.c.objc; path = PCView.m; sourceTree = "<group>"; };
		549D195116FF9C4300EE05BF /* PCProportionCalculatorView.h */ = {isa = PBXFileReference; fileEncoding = 4; lastKnownFileType = sourcecode.c.h; path = PCProportionCalculatorView.h; sourceTree = "<group>"; };
		549D195216FF9C4300EE05BF /* PCProportionCalculatorView.m */ = {isa = PBXFileReference; fileEncoding = 4; lastKnownFileType = sourcecode.c.objc; path = PCProportionCalculatorView.m; sourceTree = "<group>"; };
		549D195416FF9C8E00EE05BF /* UIImage+Tools.h */ = {isa = PBXFileReference; fileEncoding = 4; lastKnownFileType = sourcecode.c.h; path = "UIImage+Tools.h"; sourceTree = "<group>"; };
		549D195516FF9C8E00EE05BF /* UIImage+Tools.m */ = {isa = PBXFileReference; fileEncoding = 4; lastKnownFileType = sourcecode.c.objc; path = "UIImage+Tools.m"; sourceTree = "<group>"; };
		549D195816FF9CB000EE05BF /* QuartzCore.framework */ = {isa = PBXFileReference; lastKnownFileType = wrapper.framework; name = QuartzCore.framework; path = System/Library/Frameworks/QuartzCore.framework; sourceTree = SDKROOT; };
		549D195D16FF9CC900EE05BF /* Default-568h@2x.png */ = {isa = PBXFileReference; lastKnownFileType = image.png; path = "Default-568h@2x.png"; sourceTree = "<group>"; };
		549D195E16FF9CC900EE05BF /* Default.png */ = {isa = PBXFileReference; lastKnownFileType = image.png; path = Default.png; sourceTree = "<group>"; };
		549D195F16FF9CC900EE05BF /* Default@2x.png */ = {isa = PBXFileReference; lastKnownFileType = image.png; path = "Default@2x.png"; sourceTree = "<group>"; };
		549D196416FF9D9600EE05BF /* PCLang.h */ = {isa = PBXFileReference; fileEncoding = 4; lastKnownFileType = sourcecode.c.h; path = PCLang.h; sourceTree = "<group>"; };
		549D196516FF9D9600EE05BF /* PCLang.m */ = {isa = PBXFileReference; fileEncoding = 4; lastKnownFileType = sourcecode.c.objc; path = PCLang.m; sourceTree = "<group>"; };
		549D197116FFA1E600EE05BF /* en */ = {isa = PBXFileReference; lastKnownFileType = text.plist.strings; name = en; path = en.lproj/Localizable.strings; sourceTree = "<group>"; };
		549D197416FFA5DD00EE05BF /* Flurry.h */ = {isa = PBXFileReference; fileEncoding = 4; lastKnownFileType = sourcecode.c.h; path = Flurry.h; sourceTree = "<group>"; };
		549D197516FFA5DD00EE05BF /* libFlurry.a */ = {isa = PBXFileReference; lastKnownFileType = archive.ar; path = libFlurry.a; sourceTree = "<group>"; };
		549D197816FFA70400EE05BF /* SystemConfiguration.framework */ = {isa = PBXFileReference; lastKnownFileType = wrapper.framework; name = SystemConfiguration.framework; path = System/Library/Frameworks/SystemConfiguration.framework; sourceTree = SDKROOT; };
		549D197B16FFAF1300EE05BF /* PC_arrow_down.png */ = {isa = PBXFileReference; lastKnownFileType = image.png; path = PC_arrow_down.png; sourceTree = "<group>"; };
		549D197C16FFAF1300EE05BF /* PC_arrow_down@2x.png */ = {isa = PBXFileReference; lastKnownFileType = image.png; path = "PC_arrow_down@2x.png"; sourceTree = "<group>"; };
		549D197D16FFAF1300EE05BF /* PC_arrow_up.png */ = {isa = PBXFileReference; lastKnownFileType = image.png; path = PC_arrow_up.png; sourceTree = "<group>"; };
		549D197E16FFAF1300EE05BF /* PC_arrow_up@2x.png */ = {isa = PBXFileReference; lastKnownFileType = image.png; path = "PC_arrow_up@2x.png"; sourceTree = "<group>"; };
		549D197F16FFAF1300EE05BF /* PC_result_field.png */ = {isa = PBXFileReference; lastKnownFileType = image.png; path = PC_result_field.png; sourceTree = "<group>"; };
		549D198016FFAF1300EE05BF /* PC_result_field@2x.png */ = {isa = PBXFileReference; lastKnownFileType = image.png; path = "PC_result_field@2x.png"; sourceTree = "<group>"; };
		549D198E16FFB92200EE05BF /* PCValueTextField.h */ = {isa = PBXFileReference; fileEncoding = 4; lastKnownFileType = sourcecode.c.h; path = PCValueTextField.h; sourceTree = "<group>"; };
		549D198F16FFB92200EE05BF /* PCValueTextField.m */ = {isa = PBXFileReference; fileEncoding = 4; lastKnownFileType = sourcecode.c.objc; path = PCValueTextField.m; sourceTree = "<group>"; };
		549D199216FFB9DE00EE05BF /* PCResultTextField.h */ = {isa = PBXFileReference; fileEncoding = 4; lastKnownFileType = sourcecode.c.h; path = PCResultTextField.h; sourceTree = "<group>"; };
		549D199316FFB9DE00EE05BF /* PCResultTextField.m */ = {isa = PBXFileReference; fileEncoding = 4; lastKnownFileType = sourcecode.c.objc; path = PCResultTextField.m; sourceTree = "<group>"; };
		549D199716FFD12D00EE05BF /* PC_bcg_segment_gray.png */ = {isa = PBXFileReference; lastKnownFileType = image.png; path = PC_bcg_segment_gray.png; sourceTree = "<group>"; };
		549D199816FFD12D00EE05BF /* PC_bcg_segment_gray@2x.png */ = {isa = PBXFileReference; lastKnownFileType = image.png; path = "PC_bcg_segment_gray@2x.png"; sourceTree = "<group>"; };
		549D199916FFD12D00EE05BF /* PC_bcg_segment_green.png */ = {isa = PBXFileReference; lastKnownFileType = image.png; path = PC_bcg_segment_green.png; sourceTree = "<group>"; };
		549D199A16FFD12D00EE05BF /* PC_bcg_segment_green@2x.png */ = {isa = PBXFileReference; lastKnownFileType = image.png; path = "PC_bcg_segment_green@2x.png"; sourceTree = "<group>"; };
		549D19A116FFD78D00EE05BF /* PC_transparent_1x48.png */ = {isa = PBXFileReference; lastKnownFileType = image.png; path = PC_transparent_1x48.png; sourceTree = "<group>"; };
		549D19A316FFE43100EE05BF /* Icon.png */ = {isa = PBXFileReference; lastKnownFileType = image.png; path = Icon.png; sourceTree = "<group>"; };
		549D19A416FFE43100EE05BF /* Icon@2x.png */ = {isa = PBXFileReference; lastKnownFileType = image.png; path = "Icon@2x.png"; sourceTree = "<group>"; };
/* End PBXFileReference section */

/* Begin PBXFrameworksBuildPhase section */
		549D18F716FF985200EE05BF /* Frameworks */ = {
			isa = PBXFrameworksBuildPhase;
			buildActionMask = 2147483647;
			files = (
				549D197916FFA70400EE05BF /* SystemConfiguration.framework in Frameworks */,
				549D195916FF9CB000EE05BF /* QuartzCore.framework in Frameworks */,
				549D18FE16FF985200EE05BF /* UIKit.framework in Frameworks */,
				549D190016FF985200EE05BF /* Foundation.framework in Frameworks */,
				549D190216FF985200EE05BF /* CoreGraphics.framework in Frameworks */,
				549D197616FFA5DD00EE05BF /* libFlurry.a in Frameworks */,
			);
			runOnlyForDeploymentPostprocessing = 0;
		};
		549D191C16FF985300EE05BF /* Frameworks */ = {
			isa = PBXFrameworksBuildPhase;
			buildActionMask = 2147483647;
			files = (
				549D192216FF985300EE05BF /* SenTestingKit.framework in Frameworks */,
				549D192316FF985300EE05BF /* UIKit.framework in Frameworks */,
				549D192416FF985300EE05BF /* Foundation.framework in Frameworks */,
				549D197716FFA5DD00EE05BF /* libFlurry.a in Frameworks */,
			);
			runOnlyForDeploymentPostprocessing = 0;
		};
/* End PBXFrameworksBuildPhase section */

/* Begin PBXGroup section */
		15B49C20170C717A00E97D38 /* Calculator */ = {
			isa = PBXGroup;
			children = (
				15B49C21170C71AE00E97D38 /* FTCalculatorKeyboardView.h */,
				15B49C22170C71AE00E97D38 /* FTCalculatorKeyboardView.m */,
			);
			name = Calculator;
			sourceTree = "<group>";
		};
		549D18F116FF985200EE05BF = {
			isa = PBXGroup;
			children = (
				549D190316FF985200EE05BF /* ProportionCalculator */,
				549D190416FF985200EE05BF /* Supporting Files */,
				549D192716FF985300EE05BF /* ProportionCalculatorTests */,
				549D18FC16FF985200EE05BF /* Frameworks */,
				549D18FB16FF985200EE05BF /* Products */,
			);
			sourceTree = "<group>";
		};
		549D18FB16FF985200EE05BF /* Products */ = {
			isa = PBXGroup;
			children = (
				549D18FA16FF985200EE05BF /* iProportions.app */,
				549D192016FF985300EE05BF /* ProportionCalculatorTests.octest */,
			);
			name = Products;
			sourceTree = "<group>";
		};
		549D18FC16FF985200EE05BF /* Frameworks */ = {
			isa = PBXGroup;
			children = (
				549D197816FFA70400EE05BF /* SystemConfiguration.framework */,
				549D195816FF9CB000EE05BF /* QuartzCore.framework */,
				549D18FD16FF985200EE05BF /* UIKit.framework */,
				549D18FF16FF985200EE05BF /* Foundation.framework */,
				549D190116FF985200EE05BF /* CoreGraphics.framework */,
				549D192116FF985300EE05BF /* SenTestingKit.framework */,
			);
			name = Frameworks;
			sourceTree = "<group>";
		};
		549D190316FF985200EE05BF /* ProportionCalculator */ = {
			isa = PBXGroup;
			children = (
				549D197216FFA5DB00EE05BF /* Thirdparty */,
				549D193F16FF990A00EE05BF /* Categories */,
				549D196316FF9D7200EE05BF /* Libs */,
				549D193E16FF990400EE05BF /* Views */,
				549D193816FF986900EE05BF /* Controllers */,
				549D190C16FF985200EE05BF /* PCAppDelegate.h */,
				549D190D16FF985200EE05BF /* PCAppDelegate.m */,
			);
			path = ProportionCalculator;
			sourceTree = "<group>";
		};
		549D190416FF985200EE05BF /* Supporting Files */ = {
			isa = PBXGroup;
			children = (
				549D195A16FF9CC900EE05BF /* Assets */,
				549D190516FF985200EE05BF /* ProportionCalculator-Info.plist */,
				549D190916FF985200EE05BF /* main.m */,
				549D190B16FF985200EE05BF /* ProportionCalculator-Prefix.pch */,
			);
			name = "Supporting Files";
			path = ProportionCalculator;
			sourceTree = "<group>";
		};
		549D192716FF985300EE05BF /* ProportionCalculatorTests */ = {
			isa = PBXGroup;
			children = (
				549D192D16FF985300EE05BF /* ProportionCalculatorTests.h */,
				549D192E16FF985300EE05BF /* ProportionCalculatorTests.m */,
				549D192816FF985300EE05BF /* Supporting Files */,
			);
			path = ProportionCalculatorTests;
			sourceTree = "<group>";
		};
		549D192816FF985300EE05BF /* Supporting Files */ = {
			isa = PBXGroup;
			children = (
				549D192916FF985300EE05BF /* ProportionCalculatorTests-Info.plist */,
				549D192A16FF985300EE05BF /* InfoPlist.strings */,
			);
			name = "Supporting Files";
			sourceTree = "<group>";
		};
		549D193816FF986900EE05BF /* Controllers */ = {
			isa = PBXGroup;
			children = (
				549D193A16FF988200EE05BF /* Home */,
				549D193916FF987C00EE05BF /* Basic */,
			);
			name = Controllers;
			sourceTree = "<group>";
		};
		549D193916FF987C00EE05BF /* Basic */ = {
			isa = PBXGroup;
			children = (
				549D191516FF985200EE05BF /* PCViewController.h */,
				549D191616FF985200EE05BF /* PCViewController.m */,
			);
			name = Basic;
			sourceTree = "<group>";
		};
		549D193A16FF988200EE05BF /* Home */ = {
			isa = PBXGroup;
			children = (
				549D193B16FF98A300EE05BF /* PCHomeViewController.h */,
				549D193C16FF98A300EE05BF /* PCHomeViewController.m */,
			);
			name = Home;
			sourceTree = "<group>";
		};
		549D193E16FF990400EE05BF /* Views */ = {
			isa = PBXGroup;
			children = (
				15B49C20170C717A00E97D38 /* Calculator */,
				549D198D16FFB90400EE05BF /* Text fields */,
				549D194C16FF9B5500EE05BF /* Proportion calculator */,
				549D195016FF9B7B00EE05BF /* Basic */,
			);
			name = Views;
			sourceTree = "<group>";
		};
		549D193F16FF990A00EE05BF /* Categories */ = {
			isa = PBXGroup;
			children = (
				549D195416FF9C8E00EE05BF /* UIImage+Tools.h */,
				549D195516FF9C8E00EE05BF /* UIImage+Tools.m */,
				549D194016FF992500EE05BF /* UIColor+Tools.h */,
				549D194116FF992500EE05BF /* UIColor+Tools.m */,
				549D194216FF992500EE05BF /* UILabel+DynamicHeight.h */,
				549D194316FF992500EE05BF /* UILabel+DynamicHeight.m */,
				549D194416FF992500EE05BF /* UIView+Effects.h */,
				549D194516FF992500EE05BF /* UIView+Effects.m */,
				549D194616FF992500EE05BF /* UIView+Layout.h */,
				549D194716FF992500EE05BF /* UIView+Layout.m */,
				4BD8CD9B1726E2F200B30F94 /* UIView+AttributeByObject.h */,
				4BD8CD9C1726E2F200B30F94 /* UIView+AttributeByObject.m */,
			);
			name = Categories;
			sourceTree = "<group>";
		};
		549D194C16FF9B5500EE05BF /* Proportion calculator */ = {
			isa = PBXGroup;
			children = (
				549D195116FF9C4300EE05BF /* PCProportionCalculatorView.h */,
				549D195216FF9C4300EE05BF /* PCProportionCalculatorView.m */,
			);
			name = "Proportion calculator";
			sourceTree = "<group>";
		};
		549D195016FF9B7B00EE05BF /* Basic */ = {
			isa = PBXGroup;
			children = (
				549D194D16FF9B7800EE05BF /* PCView.h */,
				549D194E16FF9B7800EE05BF /* PCView.m */,
			);
			name = Basic;
			sourceTree = "<group>";
		};
		549D195A16FF9CC900EE05BF /* Assets */ = {
			isa = PBXGroup;
			children = (
				549D196716FF9E1800EE05BF /* Languages */,
				549D195B16FF9CC900EE05BF /* Images */,
				549D195C16FF9CC900EE05BF /* System */,
			);
			name = Assets;
			path = ../../Assets;
			sourceTree = "<group>";
		};
		549D195B16FF9CC900EE05BF /* Images */ = {
			isa = PBXGroup;
			children = (
				1507104F172033FD008A64F3 /* PC_active-field.png */,
				15071050172033FD008A64F3 /* PC_active-field@2x.png */,
				15B49CD1170F21AC00E97D38 /* PC_btn_calc_dark.png */,
				15B49CD2170F21AC00E97D38 /* PC_btn_calc_dark@2x.png */,
				15B49CD3170F21AC00E97D38 /* PC_btn_calc_light.png */,
				15B49CD4170F21AC00E97D38 /* PC_btn_calc_light@2x.png */,
				15B49CD5170F21AC00E97D38 /* PC_ico_delete.png */,
				15B49CD6170F21AC00E97D38 /* PC_ico_delete@2x.png */,
				15B49CD7170F21AC00E97D38 /* PC_ico_minus.png */,
				15B49CD8170F21AC00E97D38 /* PC_ico_minus@2x.png */,
				549D19A116FFD78D00EE05BF /* PC_transparent_1x48.png */,
				549D199716FFD12D00EE05BF /* PC_bcg_segment_gray.png */,
				549D199816FFD12D00EE05BF /* PC_bcg_segment_gray@2x.png */,
				549D199916FFD12D00EE05BF /* PC_bcg_segment_green.png */,
				549D199A16FFD12D00EE05BF /* PC_bcg_segment_green@2x.png */,
				549D197B16FFAF1300EE05BF /* PC_arrow_down.png */,
				549D197C16FFAF1300EE05BF /* PC_arrow_down@2x.png */,
				549D197D16FFAF1300EE05BF /* PC_arrow_up.png */,
				549D197E16FFAF1300EE05BF /* PC_arrow_up@2x.png */,
				549D197F16FFAF1300EE05BF /* PC_result_field.png */,
				549D198016FFAF1300EE05BF /* PC_result_field@2x.png */,
			);
			path = Images;
			sourceTree = "<group>";
		};
		549D195C16FF9CC900EE05BF /* System */ = {
			isa = PBXGroup;
			children = (
				549D19A316FFE43100EE05BF /* Icon.png */,
				549D19A416FFE43100EE05BF /* Icon@2x.png */,
				549D195D16FF9CC900EE05BF /* Default-568h@2x.png */,
				549D195E16FF9CC900EE05BF /* Default.png */,
				549D195F16FF9CC900EE05BF /* Default@2x.png */,
			);
			path = System;
			sourceTree = "<group>";
		};
		549D196316FF9D7200EE05BF /* Libs */ = {
			isa = PBXGroup;
			children = (
				549D196416FF9D9600EE05BF /* PCLang.h */,
				549D196516FF9D9600EE05BF /* PCLang.m */,
			);
			name = Libs;
			sourceTree = "<group>";
		};
		549D196716FF9E1800EE05BF /* Languages */ = {
			isa = PBXGroup;
			children = (
				549D190616FF985200EE05BF /* InfoPlist.strings */,
				549D197016FFA1D900EE05BF /* Localizable.strings */,
			);
			path = Languages;
			sourceTree = "<group>";
		};
		549D197216FFA5DB00EE05BF /* Thirdparty */ = {
			isa = PBXGroup;
			children = (
				549D197316FFA5DD00EE05BF /* Flurry */,
			);
			name = Thirdparty;
			path = ../../Thirdparty;
			sourceTree = "<group>";
		};
		549D197316FFA5DD00EE05BF /* Flurry */ = {
			isa = PBXGroup;
			children = (
				549D197416FFA5DD00EE05BF /* Flurry.h */,
				549D197516FFA5DD00EE05BF /* libFlurry.a */,
			);
			path = Flurry;
			sourceTree = "<group>";
		};
		549D198D16FFB90400EE05BF /* Text fields */ = {
			isa = PBXGroup;
			children = (
				549D198E16FFB92200EE05BF /* PCValueTextField.h */,
				549D198F16FFB92200EE05BF /* PCValueTextField.m */,
				549D199216FFB9DE00EE05BF /* PCResultTextField.h */,
				549D199316FFB9DE00EE05BF /* PCResultTextField.m */,
			);
			name = "Text fields";
			sourceTree = "<group>";
		};
/* End PBXGroup section */

/* Begin PBXNativeTarget section */
		549D18F916FF985200EE05BF /* ProportionCalculator */ = {
			isa = PBXNativeTarget;
			buildConfigurationList = 549D193216FF985300EE05BF /* Build configuration list for PBXNativeTarget "ProportionCalculator" */;
			buildPhases = (
				549D18F616FF985200EE05BF /* Sources */,
				549D18F716FF985200EE05BF /* Frameworks */,
				549D18F816FF985200EE05BF /* Resources */,
			);
			buildRules = (
			);
			dependencies = (
			);
			name = ProportionCalculator;
			productName = ProportionCalculator;
			productReference = 549D18FA16FF985200EE05BF /* iProportions.app */;
			productType = "com.apple.product-type.application";
		};
		549D191F16FF985300EE05BF /* ProportionCalculatorTests */ = {
			isa = PBXNativeTarget;
			buildConfigurationList = 549D193516FF985300EE05BF /* Build configuration list for PBXNativeTarget "ProportionCalculatorTests" */;
			buildPhases = (
				549D191B16FF985300EE05BF /* Sources */,
				549D191C16FF985300EE05BF /* Frameworks */,
				549D191D16FF985300EE05BF /* Resources */,
				549D191E16FF985300EE05BF /* ShellScript */,
			);
			buildRules = (
			);
			dependencies = (
				549D192616FF985300EE05BF /* PBXTargetDependency */,
			);
			name = ProportionCalculatorTests;
			productName = ProportionCalculatorTests;
			productReference = 549D192016FF985300EE05BF /* ProportionCalculatorTests.octest */;
			productType = "com.apple.product-type.bundle";
		};
/* End PBXNativeTarget section */

/* Begin PBXProject section */
		549D18F216FF985200EE05BF /* Project object */ = {
			isa = PBXProject;
			attributes = {
				CLASSPREFIX = PC;
				LastUpgradeCheck = 0460;
				ORGANIZATIONNAME = "Fuerte Innovations";
			};
			buildConfigurationList = 549D18F516FF985200EE05BF /* Build configuration list for PBXProject "ProportionCalculator" */;
			compatibilityVersion = "Xcode 3.2";
			developmentRegion = English;
			hasScannedForEncodings = 0;
			knownRegions = (
				en,
				"cs-CZ",
				cs,
				pt,
				it,
				fr,
				de,
				sk,
				es,
				pl,
				lt,
			);
			mainGroup = 549D18F116FF985200EE05BF;
			productRefGroup = 549D18FB16FF985200EE05BF /* Products */;
			projectDirPath = "";
			projectRoot = "";
			targets = (
				549D18F916FF985200EE05BF /* ProportionCalculator */,
				549D191F16FF985300EE05BF /* ProportionCalculatorTests */,
			);
		};
/* End PBXProject section */

/* Begin PBXResourcesBuildPhase section */
		549D18F816FF985200EE05BF /* Resources */ = {
			isa = PBXResourcesBuildPhase;
			buildActionMask = 2147483647;
			files = (
				549D190816FF985200EE05BF /* InfoPlist.strings in Resources */,
				549D196016FF9CC900EE05BF /* Default-568h@2x.png in Resources */,
				549D196116FF9CC900EE05BF /* Default.png in Resources */,
				549D196216FF9CC900EE05BF /* Default@2x.png in Resources */,
				549D196D16FFA1D900EE05BF /* Localizable.strings in Resources */,
				549D198116FFAF1300EE05BF /* PC_arrow_down.png in Resources */,
				549D198316FFAF1300EE05BF /* PC_arrow_down@2x.png in Resources */,
				549D198516FFAF1300EE05BF /* PC_arrow_up.png in Resources */,
				549D198716FFAF1300EE05BF /* PC_arrow_up@2x.png in Resources */,
				549D198916FFAF1300EE05BF /* PC_result_field.png in Resources */,
				549D198B16FFAF1300EE05BF /* PC_result_field@2x.png in Resources */,
				549D199B16FFD12D00EE05BF /* PC_bcg_segment_gray.png in Resources */,
				549D199C16FFD12D00EE05BF /* PC_bcg_segment_gray@2x.png in Resources */,
				549D199D16FFD12D00EE05BF /* PC_bcg_segment_green.png in Resources */,
				549D199E16FFD12D00EE05BF /* PC_bcg_segment_green@2x.png in Resources */,
				549D19A216FFD78D00EE05BF /* PC_transparent_1x48.png in Resources */,
				549D19A516FFE43100EE05BF /* Icon.png in Resources */,
				549D19A616FFE43100EE05BF /* Icon@2x.png in Resources */,
				15B49CD9170F21AC00E97D38 /* PC_btn_calc_dark.png in Resources */,
				15B49CDA170F21AC00E97D38 /* PC_btn_calc_dark@2x.png in Resources */,
				15B49CDB170F21AC00E97D38 /* PC_btn_calc_light.png in Resources */,
				15B49CDC170F21AC00E97D38 /* PC_btn_calc_light@2x.png in Resources */,
				15B49CDD170F21AC00E97D38 /* PC_ico_delete.png in Resources */,
				15B49CDE170F21AC00E97D38 /* PC_ico_delete@2x.png in Resources */,
				15B49CDF170F21AC00E97D38 /* PC_ico_minus.png in Resources */,
				15B49CE0170F21AC00E97D38 /* PC_ico_minus@2x.png in Resources */,
				15071051172033FD008A64F3 /* PC_active-field.png in Resources */,
				15071052172033FD008A64F3 /* PC_active-field@2x.png in Resources */,
			);
			runOnlyForDeploymentPostprocessing = 0;
		};
		549D191D16FF985300EE05BF /* Resources */ = {
			isa = PBXResourcesBuildPhase;
			buildActionMask = 2147483647;
			files = (
				549D192C16FF985300EE05BF /* InfoPlist.strings in Resources */,
				549D196E16FFA1D900EE05BF /* Localizable.strings in Resources */,
			);
			runOnlyForDeploymentPostprocessing = 0;
		};
/* End PBXResourcesBuildPhase section */

/* Begin PBXShellScriptBuildPhase section */
		549D191E16FF985300EE05BF /* ShellScript */ = {
			isa = PBXShellScriptBuildPhase;
			buildActionMask = 2147483647;
			files = (
			);
			inputPaths = (
			);
			outputPaths = (
			);
			runOnlyForDeploymentPostprocessing = 0;
			shellPath = /bin/sh;
			shellScript = "# Run the unit tests in this test bundle.\n\"${SYSTEM_DEVELOPER_DIR}/Tools/RunUnitTests\"\n";
		};
/* End PBXShellScriptBuildPhase section */

/* Begin PBXSourcesBuildPhase section */
		549D18F616FF985200EE05BF /* Sources */ = {
			isa = PBXSourcesBuildPhase;
			buildActionMask = 2147483647;
			files = (
				549D190A16FF985200EE05BF /* main.m in Sources */,
				549D190E16FF985200EE05BF /* PCAppDelegate.m in Sources */,
				549D191716FF985200EE05BF /* PCViewController.m in Sources */,
				549D193D16FF98A300EE05BF /* PCHomeViewController.m in Sources */,
				549D194816FF992500EE05BF /* UIColor+Tools.m in Sources */,
				549D194916FF992500EE05BF /* UILabel+DynamicHeight.m in Sources */,
				549D194A16FF992500EE05BF /* UIView+Effects.m in Sources */,
				549D194B16FF992500EE05BF /* UIView+Layout.m in Sources */,
				549D194F16FF9B7800EE05BF /* PCView.m in Sources */,
				549D195316FF9C4300EE05BF /* PCProportionCalculatorView.m in Sources */,
				549D195616FF9C8F00EE05BF /* UIImage+Tools.m in Sources */,
				549D196616FF9D9600EE05BF /* PCLang.m in Sources */,
				549D199016FFB92200EE05BF /* PCValueTextField.m in Sources */,
				549D199416FFB9DE00EE05BF /* PCResultTextField.m in Sources */,
				15B49C23170C71AE00E97D38 /* FTCalculatorKeyboardView.m in Sources */,
				4BD8CD9D1726E2F200B30F94 /* UIView+AttributeByObject.m in Sources */,
			);
			runOnlyForDeploymentPostprocessing = 0;
		};
		549D191B16FF985300EE05BF /* Sources */ = {
			isa = PBXSourcesBuildPhase;
			buildActionMask = 2147483647;
			files = (
				549D192F16FF985300EE05BF /* ProportionCalculatorTests.m in Sources */,
				549D195716FF9C8F00EE05BF /* UIImage+Tools.m in Sources */,
			);
			runOnlyForDeploymentPostprocessing = 0;
		};
/* End PBXSourcesBuildPhase section */

/* Begin PBXTargetDependency section */
		549D192616FF985300EE05BF /* PBXTargetDependency */ = {
			isa = PBXTargetDependency;
			target = 549D18F916FF985200EE05BF /* ProportionCalculator */;
			targetProxy = 549D192516FF985300EE05BF /* PBXContainerItemProxy */;
		};
/* End PBXTargetDependency section */

/* Begin PBXVariantGroup section */
		549D190616FF985200EE05BF /* InfoPlist.strings */ = {
			isa = PBXVariantGroup;
			children = (
				549D190716FF985200EE05BF /* en */,
				15B49C06170B9E9600E97D38 /* cs */,
				15B49C09170BA04500E97D38 /* pt */,
				15B49C0C170BA05200E97D38 /* it */,
				15B49C0F170BA06400E97D38 /* fr */,
				15B49C12170BA06A00E97D38 /* de */,
				15B49C15170BA07E00E97D38 /* sk */,
				15B49C17170C606100E97D38 /* es */,
				15B49C1A170C668200E97D38 /* pl */,
				15B49C1D170C6B2800E97D38 /* lt */,
			);
			name = InfoPlist.strings;
			path = ../../ProportionCalculator/ProportionCalculator;
			sourceTree = "<group>";
		};
		549D192A16FF985300EE05BF /* InfoPlist.strings */ = {
			isa = PBXVariantGroup;
			children = (
				549D192B16FF985300EE05BF /* en */,
				15B49C07170B9E9600E97D38 /* cs */,
				15B49C0A170BA04500E97D38 /* pt */,
				15B49C0D170BA05200E97D38 /* it */,
				15B49C10170BA06400E97D38 /* fr */,
				15B49C13170BA06A00E97D38 /* de */,
				15B49C16170BA07E00E97D38 /* sk */,
				15B49C19170C606200E97D38 /* es */,
				15B49C1C170C668300E97D38 /* pl */,
				15B49C1F170C6B2900E97D38 /* lt */,
			);
			name = InfoPlist.strings;
			sourceTree = "<group>";
		};
		549D197016FFA1D900EE05BF /* Localizable.strings */ = {
			isa = PBXVariantGroup;
			children = (
				549D197116FFA1E600EE05BF /* en */,
				15B49C05170B9E9600E97D38 /* cs */,
				15B49C08170BA04500E97D38 /* pt */,
				15B49C0B170BA05200E97D38 /* it */,
				15B49C0E170BA06400E97D38 /* fr */,
				15B49C11170BA06A00E97D38 /* de */,
				15B49C14170BA07E00E97D38 /* sk */,
				15B49C18170C606100E97D38 /* es */,
				15B49C1B170C668300E97D38 /* pl */,
				15B49C1E170C6B2800E97D38 /* lt */,
			);
			name = Localizable.strings;
			sourceTree = "<group>";
		};
/* End PBXVariantGroup section */

/* Begin XCBuildConfiguration section */
		549D193016FF985300EE05BF /* Debug */ = {
			isa = XCBuildConfiguration;
			buildSettings = {
				ALWAYS_SEARCH_USER_PATHS = NO;
				CLANG_CXX_LANGUAGE_STANDARD = "gnu++0x";
				CLANG_CXX_LIBRARY = "libc++";
				CLANG_ENABLE_OBJC_ARC = YES;
				CLANG_WARN_CONSTANT_CONVERSION = YES;
				CLANG_WARN_EMPTY_BODY = YES;
				CLANG_WARN_ENUM_CONVERSION = YES;
				CLANG_WARN_INT_CONVERSION = YES;
				CLANG_WARN__DUPLICATE_METHOD_MATCH = YES;
				CODE_SIGN_IDENTITY = "";
				"CODE_SIGN_IDENTITY[sdk=iphoneos*]" = "";
				COPY_PHASE_STRIP = NO;
				GCC_C_LANGUAGE_STANDARD = gnu99;
				GCC_DYNAMIC_NO_PIC = NO;
				GCC_OPTIMIZATION_LEVEL = 0;
				GCC_PREPROCESSOR_DEFINITIONS = (
					"DEBUG=1",
					"$(inherited)",
				);
				GCC_SYMBOLS_PRIVATE_EXTERN = NO;
				GCC_WARN_ABOUT_RETURN_TYPE = YES;
				GCC_WARN_UNINITIALIZED_AUTOS = YES;
				GCC_WARN_UNUSED_VARIABLE = YES;
				IPHONEOS_DEPLOYMENT_TARGET = 6.1;
				ONLY_ACTIVE_ARCH = YES;
				SDKROOT = iphoneos;
			};
			name = Debug;
		};
		549D193116FF985300EE05BF /* AppStore */ = {
			isa = XCBuildConfiguration;
			buildSettings = {
				ALWAYS_SEARCH_USER_PATHS = NO;
				CLANG_CXX_LANGUAGE_STANDARD = "gnu++0x";
				CLANG_CXX_LIBRARY = "libc++";
				CLANG_ENABLE_OBJC_ARC = YES;
				CLANG_WARN_CONSTANT_CONVERSION = YES;
				CLANG_WARN_EMPTY_BODY = YES;
				CLANG_WARN_ENUM_CONVERSION = YES;
				CLANG_WARN_INT_CONVERSION = YES;
				CLANG_WARN__DUPLICATE_METHOD_MATCH = YES;
				CODE_SIGN_IDENTITY = "";
				"CODE_SIGN_IDENTITY[sdk=iphoneos*]" = "";
				COPY_PHASE_STRIP = YES;
				GCC_C_LANGUAGE_STANDARD = gnu99;
				GCC_WARN_ABOUT_RETURN_TYPE = YES;
				GCC_WARN_UNINITIALIZED_AUTOS = YES;
				GCC_WARN_UNUSED_VARIABLE = YES;
				IPHONEOS_DEPLOYMENT_TARGET = 6.1;
				OTHER_CFLAGS = "-DNS_BLOCK_ASSERTIONS=1";
				SDKROOT = iphoneos;
				VALIDATE_PRODUCT = YES;
			};
			name = AppStore;
		};
		549D193316FF985300EE05BF /* Debug */ = {
			isa = XCBuildConfiguration;
			buildSettings = {
				CODE_SIGN_IDENTITY = "iPhone Developer";
				"CODE_SIGN_IDENTITY[sdk=iphoneos*]" = "iPhone Developer";
				GCC_PRECOMPILE_PREFIX_HEADER = YES;
				GCC_PREFIX_HEADER = "ProportionCalculator/ProportionCalculator-Prefix.pch";
				INFOPLIST_FILE = "ProportionCalculator/ProportionCalculator-Info.plist";
				IPHONEOS_DEPLOYMENT_TARGET = 5.0;
				LIBRARY_SEARCH_PATHS = (
					"$(inherited)",
					"\"$(SRCROOT)/../Thirdparty/Flurry\"",
				);
				PRODUCT_NAME = iProportions;
				PROVISIONING_PROFILE = "";
				"PROVISIONING_PROFILE[sdk=iphoneos*]" = "";
				WRAPPER_EXTENSION = app;
			};
			name = Debug;
		};
		549D193416FF985300EE05BF /* AppStore */ = {
			isa = XCBuildConfiguration;
			buildSettings = {
				CODE_SIGN_IDENTITY = "iPhone Distribution: Fuerte Int Ltd";
				"CODE_SIGN_IDENTITY[sdk=iphoneos*]" = "iPhone Distribution: Fuerte Int Ltd";
				GCC_PRECOMPILE_PREFIX_HEADER = YES;
				GCC_PREFIX_HEADER = "ProportionCalculator/ProportionCalculator-Prefix.pch";
				INFOPLIST_FILE = "ProportionCalculator/ProportionCalculator-Info.plist";
				IPHONEOS_DEPLOYMENT_TARGET = 5.0;
				LIBRARY_SEARCH_PATHS = (
					"$(inherited)",
					"\"$(SRCROOT)/../Thirdparty/Flurry\"",
				);
				PRODUCT_NAME = iProportions;
				PROVISIONING_PROFILE = "278D306B-FD14-43C0-A301-747911D8554F";
				"PROVISIONING_PROFILE[sdk=iphoneos*]" = "278D306B-FD14-43C0-A301-747911D8554F";
				WRAPPER_EXTENSION = app;
			};
			name = AppStore;
		};
		549D193616FF985300EE05BF /* Debug */ = {
			isa = XCBuildConfiguration;
			buildSettings = {
				BUNDLE_LOADER = "$(BUILT_PRODUCTS_DIR)/ProportionCalculator.app/ProportionCalculator";
				FRAMEWORK_SEARCH_PATHS = (
					"\"$(SDKROOT)/Developer/Library/Frameworks\"",
					"\"$(DEVELOPER_LIBRARY_DIR)/Frameworks\"",
				);
				GCC_PRECOMPILE_PREFIX_HEADER = YES;
				GCC_PREFIX_HEADER = "ProportionCalculator/ProportionCalculator-Prefix.pch";
				INFOPLIST_FILE = "ProportionCalculatorTests/ProportionCalculatorTests-Info.plist";
				LIBRARY_SEARCH_PATHS = (
					"$(inherited)",
					"\"$(SRCROOT)/../Thirdparty/Flurry\"",
				);
				PRODUCT_NAME = "$(TARGET_NAME)";
				TEST_HOST = "$(BUNDLE_LOADER)";
				WRAPPER_EXTENSION = octest;
			};
			name = Debug;
		};
		549D193716FF985300EE05BF /* AppStore */ = {
			isa = XCBuildConfiguration;
			buildSettings = {
				BUNDLE_LOADER = "$(BUILT_PRODUCTS_DIR)/ProportionCalculator.app/ProportionCalculator";
				FRAMEWORK_SEARCH_PATHS = (
					"\"$(SDKROOT)/Developer/Library/Frameworks\"",
					"\"$(DEVELOPER_LIBRARY_DIR)/Frameworks\"",
				);
				GCC_PRECOMPILE_PREFIX_HEADER = YES;
				GCC_PREFIX_HEADER = "ProportionCalculator/ProportionCalculator-Prefix.pch";
				INFOPLIST_FILE = "ProportionCalculatorTests/ProportionCalculatorTests-Info.plist";
				LIBRARY_SEARCH_PATHS = (
					"$(inherited)",
					"\"$(SRCROOT)/../Thirdparty/Flurry\"",
				);
				PRODUCT_NAME = "$(TARGET_NAME)";
				TEST_HOST = "$(BUNDLE_LOADER)";
				WRAPPER_EXTENSION = octest;
			};
			name = AppStore;
		};
		549D19A716FFE5EB00EE05BF /* Enterprise */ = {
			isa = XCBuildConfiguration;
			buildSettings = {
				ALWAYS_SEARCH_USER_PATHS = NO;
				CLANG_CXX_LANGUAGE_STANDARD = "gnu++0x";
				CLANG_CXX_LIBRARY = "libc++";
				CLANG_ENABLE_OBJC_ARC = YES;
				CLANG_WARN_CONSTANT_CONVERSION = YES;
				CLANG_WARN_EMPTY_BODY = YES;
				CLANG_WARN_ENUM_CONVERSION = YES;
				CLANG_WARN_INT_CONVERSION = YES;
				CLANG_WARN__DUPLICATE_METHOD_MATCH = YES;
				CODE_SIGN_IDENTITY = "";
				"CODE_SIGN_IDENTITY[sdk=iphoneos*]" = "";
				COPY_PHASE_STRIP = YES;
				GCC_C_LANGUAGE_STANDARD = gnu99;
				GCC_WARN_ABOUT_RETURN_TYPE = YES;
				GCC_WARN_UNINITIALIZED_AUTOS = YES;
				GCC_WARN_UNUSED_VARIABLE = YES;
				IPHONEOS_DEPLOYMENT_TARGET = 6.1;
				OTHER_CFLAGS = "-DNS_BLOCK_ASSERTIONS=1";
				SDKROOT = iphoneos;
				VALIDATE_PRODUCT = YES;
			};
			name = Enterprise;
		};
		549D19A816FFE5EB00EE05BF /* Enterprise */ = {
			isa = XCBuildConfiguration;
			buildSettings = {
				CODE_SIGN_IDENTITY = "iPhone Distribution: Fuerte Int Ltd";
				"CODE_SIGN_IDENTITY[sdk=iphoneos*]" = "iPhone Distribution: Fuerte Int Ltd";
				GCC_PRECOMPILE_PREFIX_HEADER = YES;
				GCC_PREFIX_HEADER = "ProportionCalculator/ProportionCalculator-Prefix.pch";
				INFOPLIST_FILE = "ProportionCalculator/ProportionCalculator-Info.plist";
				IPHONEOS_DEPLOYMENT_TARGET = 5.0;
				LIBRARY_SEARCH_PATHS = (
					"$(inherited)",
					"\"$(SRCROOT)/../Thirdparty/Flurry\"",
				);
				PRODUCT_NAME = iProportions;
				PROVISIONING_PROFILE = "2DE2CF53-7583-45A3-ACD3-DAE46531D34F";
				"PROVISIONING_PROFILE[sdk=iphoneos*]" = "2DE2CF53-7583-45A3-ACD3-DAE46531D34F";
				WRAPPER_EXTENSION = app;
			};
			name = Enterprise;
		};
		549D19A916FFE5EB00EE05BF /* Enterprise */ = {
			isa = XCBuildConfiguration;
			buildSettings = {
				BUNDLE_LOADER = "$(BUILT_PRODUCTS_DIR)/ProportionCalculator.app/ProportionCalculator";
				FRAMEWORK_SEARCH_PATHS = (
					"\"$(SDKROOT)/Developer/Library/Frameworks\"",
					"\"$(DEVELOPER_LIBRARY_DIR)/Frameworks\"",
				);
				GCC_PRECOMPILE_PREFIX_HEADER = YES;
				GCC_PREFIX_HEADER = "ProportionCalculator/ProportionCalculator-Prefix.pch";
				INFOPLIST_FILE = "ProportionCalculatorTests/ProportionCalculatorTests-Info.plist";
				LIBRARY_SEARCH_PATHS = (
					"$(inherited)",
					"\"$(SRCROOT)/../Thirdparty/Flurry\"",
				);
				PRODUCT_NAME = "$(TARGET_NAME)";
				TEST_HOST = "$(BUNDLE_LOADER)";
				WRAPPER_EXTENSION = octest;
			};
			name = Enterprise;
		};
/* End XCBuildConfiguration section */

/* Begin XCConfigurationList section */
		549D18F516FF985200EE05BF /* Build configuration list for PBXProject "ProportionCalculator" */ = {
			isa = XCConfigurationList;
			buildConfigurations = (
				549D193016FF985300EE05BF /* Debug */,
				549D193116FF985300EE05BF /* AppStore */,
				549D19A716FFE5EB00EE05BF /* Enterprise */,
			);
			defaultConfigurationIsVisible = 0;
			defaultConfigurationName = AppStore;
		};
		549D193216FF985300EE05BF /* Build configuration list for PBXNativeTarget "ProportionCalculator" */ = {
			isa = XCConfigurationList;
			buildConfigurations = (
				549D193316FF985300EE05BF /* Debug */,
				549D193416FF985300EE05BF /* AppStore */,
				549D19A816FFE5EB00EE05BF /* Enterprise */,
			);
			defaultConfigurationIsVisible = 0;
			defaultConfigurationName = AppStore;
		};
		549D193516FF985300EE05BF /* Build configuration list for PBXNativeTarget "ProportionCalculatorTests" */ = {
			isa = XCConfigurationList;
			buildConfigurations = (
				549D193616FF985300EE05BF /* Debug */,
				549D193716FF985300EE05BF /* AppStore */,
				549D19A916FFE5EB00EE05BF /* Enterprise */,
			);
			defaultConfigurationIsVisible = 0;
			defaultConfigurationName = AppStore;
		};
/* End XCConfigurationList section */
	};
	rootObject = 549D18F216FF985200EE05BF /* Project object */;
}
